
Microsoft Visual Studio Solution File, Format Version 12.00
# Visual Studio Version 17
VisualStudioVersion = 17.6.33815.320
MinimumVisualStudioVersion = 10.0.40219.1
Project("{FAE04EC0-301F-11D3-BF4B-00C04F79EFBC}") = "Otus_Eighth_Homework", "Otus_Eighth_Homework.csproj", "{2CA37461-6943-40EF-8AAC-F5EEA322CF63}"
EndProject
Global
	GlobalSection(SolutionConfigurationPlatforms) = preSolution
		Debug|Any CPU = Debug|Any CPU
		Release|Any CPU = Release|Any CPU
	EndGlobalSection
	GlobalSection(ProjectConfigurationPlatforms) = postSolution
		{2CA37461-6943-40EF-8AAC-F5EEA322CF63}.Debug|Any CPU.ActiveCfg = Debug|Any CPU
		{2CA37461-6943-40EF-8AAC-F5EEA322CF63}.Debug|Any CPU.Build.0 = Debug|Any CPU
		{2CA37461-6943-40EF-8AAC-F5EEA322CF63}.Release|Any CPU.ActiveCfg = Release|Any CPU
		{2CA37461-6943-40EF-8AAC-F5EEA322CF63}.Release|Any CPU.Build.0 = Release|Any CPU
	EndGlobalSection
	GlobalSection(SolutionProperties) = preSolution
		HideSolutionNode = FALSE
	EndGlobalSection
	GlobalSection(ExtensibilityGlobals) = postSolution
		SolutionGuid = {E8F4AE29-9FF6-4114-8282-9BF27B01F0F6}
	EndGlobalSection
EndGlobal
