
Microsoft Visual Studio Solution File, Format Version 12.00
# Visual Studio Version 17
VisualStudioVersion = 17.6.33815.320
MinimumVisualStudioVersion = 10.0.40219.1
Project("{FAE04EC0-301F-11D3-BF4B-00C04F79EFBC}") = "Interfaces", "Interfaces.csproj", "{370F2543-26AD-49B8-934F-BA6A42E531D4}"
EndProject
Global
	GlobalSection(SolutionConfigurationPlatforms) = preSolution
		Debug|Any CPU = Debug|Any CPU
		Release|Any CPU = Release|Any CPU
	EndGlobalSection
	GlobalSection(ProjectConfigurationPlatforms) = postSolution
		{370F2543-26AD-49B8-934F-BA6A42E531D4}.Debug|Any CPU.ActiveCfg = Debug|Any CPU
		{370F2543-26AD-49B8-934F-BA6A42E531D4}.Debug|Any CPU.Build.0 = Debug|Any CPU
		{370F2543-26AD-49B8-934F-BA6A42E531D4}.Release|Any CPU.ActiveCfg = Release|Any CPU
		{370F2543-26AD-49B8-934F-BA6A42E531D4}.Release|Any CPU.Build.0 = Release|Any CPU
	EndGlobalSection
	GlobalSection(SolutionProperties) = preSolution
		HideSolutionNode = FALSE
	EndGlobalSection
	GlobalSection(ExtensibilityGlobals) = postSolution
		SolutionGuid = {47D56660-B18B-4171-BC92-43C0E472F9EA}
	EndGlobalSection
EndGlobal
