
Microsoft Visual Studio Solution File, Format Version 12.00
# Visual Studio Version 17
VisualStudioVersion = 17.6.33815.320
MinimumVisualStudioVersion = 10.0.40219.1
Project("{FAE04EC0-301F-11D3-BF4B-00C04F79EFBC}") = "Events, Async", "Events, Async.csproj", "{CE42D3BE-77B8-41CD-9144-853D959F6EBF}"
EndProject
Global
	GlobalSection(SolutionConfigurationPlatforms) = preSolution
		Debug|Any CPU = Debug|Any CPU
		Release|Any CPU = Release|Any CPU
	EndGlobalSection
	GlobalSection(ProjectConfigurationPlatforms) = postSolution
		{CE42D3BE-77B8-41CD-9144-853D959F6EBF}.Debug|Any CPU.ActiveCfg = Debug|Any CPU
		{CE42D3BE-77B8-41CD-9144-853D959F6EBF}.Debug|Any CPU.Build.0 = Debug|Any CPU
		{CE42D3BE-77B8-41CD-9144-853D959F6EBF}.Release|Any CPU.ActiveCfg = Release|Any CPU
		{CE42D3BE-77B8-41CD-9144-853D959F6EBF}.Release|Any CPU.Build.0 = Release|Any CPU
	EndGlobalSection
	GlobalSection(SolutionProperties) = preSolution
		HideSolutionNode = FALSE
	EndGlobalSection
	GlobalSection(ExtensibilityGlobals) = postSolution
		SolutionGuid = {B1EC8805-D2A3-4587-83D4-F8492DC9405A}
	EndGlobalSection
EndGlobal
